// !$*UTF8*$!
{
	archiveVersion = 1;
	classes = {
	};
	objectVersion = 56;
	objects = {

/* Begin PBXBuildFile section */
		B659B5282B3FC26E006885DE /* OfflineMapListItemView.swift in Sources */ = {isa = PBXBuildFile; fileRef = B659B5272B3FC26E006885DE /* OfflineMapListItemView.swift */; };
		B659B52A2B40B4A1006885DE /* MockAPIService.swift in Sources */ = {isa = PBXBuildFile; fileRef = B659B5292B40B4A1006885DE /* MockAPIService.swift */; };
		B659B52C2B41EEB2006885DE /* View+isVisible.swift in Sources */ = {isa = PBXBuildFile; fileRef = B659B52B2B41EEB2006885DE /* View+isVisible.swift */; };
		B6B7B80D2B3DFE6B00A73212 /* MaineMapsApp.swift in Sources */ = {isa = PBXBuildFile; fileRef = B6B7B80C2B3DFE6B00A73212 /* MaineMapsApp.swift */; };
		B6B7B8112B3DFE6C00A73212 /* Assets.xcassets in Resources */ = {isa = PBXBuildFile; fileRef = B6B7B8102B3DFE6C00A73212 /* Assets.xcassets */; };
		B6B7B8142B3DFE6C00A73212 /* Preview Assets.xcassets in Resources */ = {isa = PBXBuildFile; fileRef = B6B7B8132B3DFE6C00A73212 /* Preview Assets.xcassets */; };
		B6B7B81C2B3DFEF500A73212 /* ArcGIS in Frameworks */ = {isa = PBXBuildFile; productRef = B6B7B81B2B3DFEF500A73212 /* ArcGIS */; };
		B6B7B81F2B3DFF1F00A73212 /* ArcGISToolkit in Frameworks */ = {isa = PBXBuildFile; productRef = B6B7B81E2B3DFF1F00A73212 /* ArcGISToolkit */; };
		B6B7B8252B3E000C00A73212 /* MapItem.swift in Sources */ = {isa = PBXBuildFile; fileRef = B6B7B8242B3E000C00A73212 /* MapItem.swift */; };
		B6B7B8272B3E003500A73212 /* ButtonStatus.swift in Sources */ = {isa = PBXBuildFile; fileRef = B6B7B8262B3E003500A73212 /* ButtonStatus.swift */; };
		B6B7B82A2B3E00B000A73212 /* Style.swift in Sources */ = {isa = PBXBuildFile; fileRef = B6B7B8292B3E00B000A73212 /* Style.swift */; };
		B6B7B82F2B3E144400A73212 /* MapsListView.swift in Sources */ = {isa = PBXBuildFile; fileRef = B6B7B82E2B3E144400A73212 /* MapsListView.swift */; };
		B6B7B8342B3F517F00A73212 /* APIService.swift in Sources */ = {isa = PBXBuildFile; fileRef = B6B7B8332B3F517F00A73212 /* APIService.swift */; };
		B6B7B83E2B3F66BA00A73212 /* APIError.swift in Sources */ = {isa = PBXBuildFile; fileRef = B6B7B83D2B3F66BA00A73212 /* APIError.swift */; };
		B6B7B8402B3F679600A73212 /* APIServiceProtocol.swift in Sources */ = {isa = PBXBuildFile; fileRef = B6B7B83F2B3F679600A73212 /* APIServiceProtocol.swift */; };
		B6B7B8422B3F683000A73212 /* MapsViewModel.swift in Sources */ = {isa = PBXBuildFile; fileRef = B6B7B8412B3F683000A73212 /* MapsViewModel.swift */; };
		B6B7B8442B3F72EF00A73212 /* MapsListItemView.swift in Sources */ = {isa = PBXBuildFile; fileRef = B6B7B8432B3F72EF00A73212 /* MapsListItemView.swift */; };
		B6B7B8462B3F758500A73212 /* DownloadButtonView.swift in Sources */ = {isa = PBXBuildFile; fileRef = B6B7B8452B3F758500A73212 /* DownloadButtonView.swift */; };
		B6B7B8482B3F7A0600A73212 /* FullScreenMapView.swift in Sources */ = {isa = PBXBuildFile; fileRef = B6B7B8472B3F7A0600A73212 /* FullScreenMapView.swift */; };
		B6B7B84A2B3F8EE400A73212 /* NetworkManager.swift in Sources */ = {isa = PBXBuildFile; fileRef = B6B7B8492B3F8EE400A73212 /* NetworkManager.swift */; };
		B6B7B84F2B3F91A800A73212 /* MaineMaps.xcdatamodeld in Sources */ = {isa = PBXBuildFile; fileRef = B6B7B84D2B3F91A700A73212 /* MaineMaps.xcdatamodeld */; };
		B6B7B8522B3F933F00A73212 /* PersistenceController.swift in Sources */ = {isa = PBXBuildFile; fileRef = B6B7B8512B3F933F00A73212 /* PersistenceController.swift */; };
		B6B7B8542B3F939500A73212 /* NSPredicate+helper.swift in Sources */ = {isa = PBXBuildFile; fileRef = B6B7B8532B3F939500A73212 /* NSPredicate+helper.swift */; };
		B6B7B8562B3F93F400A73212 /* OfflineMap+helper.swift in Sources */ = {isa = PBXBuildFile; fileRef = B6B7B8552B3F93F400A73212 /* OfflineMap+helper.swift */; };
		B6B7B8592B3FA02D00A73212 /* OfflineFullScreenMapView.swift in Sources */ = {isa = PBXBuildFile; fileRef = B6B7B8582B3FA02D00A73212 /* OfflineFullScreenMapView.swift */; };
/* End PBXBuildFile section */

/* Begin PBXFileReference section */
		B659B5272B3FC26E006885DE /* OfflineMapListItemView.swift */ = {isa = PBXFileReference; lastKnownFileType = sourcecode.swift; path = OfflineMapListItemView.swift; sourceTree = "<group>"; };
		B659B5292B40B4A1006885DE /* MockAPIService.swift */ = {isa = PBXFileReference; lastKnownFileType = sourcecode.swift; path = MockAPIService.swift; sourceTree = "<group>"; };
		B659B52B2B41EEB2006885DE /* View+isVisible.swift */ = {isa = PBXFileReference; lastKnownFileType = sourcecode.swift; path = "View+isVisible.swift"; sourceTree = "<group>"; };
		B6B7B8092B3DFE6B00A73212 /* MaineMaps.app */ = {isa = PBXFileReference; explicitFileType = wrapper.application; includeInIndex = 0; path = MaineMaps.app; sourceTree = BUILT_PRODUCTS_DIR; };
		B6B7B80C2B3DFE6B00A73212 /* MaineMapsApp.swift */ = {isa = PBXFileReference; lastKnownFileType = sourcecode.swift; path = MaineMapsApp.swift; sourceTree = "<group>"; };
		B6B7B8102B3DFE6C00A73212 /* Assets.xcassets */ = {isa = PBXFileReference; lastKnownFileType = folder.assetcatalog; path = Assets.xcassets; sourceTree = "<group>"; };
		B6B7B8132B3DFE6C00A73212 /* Preview Assets.xcassets */ = {isa = PBXFileReference; lastKnownFileType = folder.assetcatalog; path = "Preview Assets.xcassets"; sourceTree = "<group>"; };
		B6B7B8242B3E000C00A73212 /* MapItem.swift */ = {isa = PBXFileReference; lastKnownFileType = sourcecode.swift; path = MapItem.swift; sourceTree = "<group>"; };
		B6B7B8262B3E003500A73212 /* ButtonStatus.swift */ = {isa = PBXFileReference; lastKnownFileType = sourcecode.swift; path = ButtonStatus.swift; sourceTree = "<group>"; };
		B6B7B8292B3E00B000A73212 /* Style.swift */ = {isa = PBXFileReference; lastKnownFileType = sourcecode.swift; path = Style.swift; sourceTree = "<group>"; };
		B6B7B82E2B3E144400A73212 /* MapsListView.swift */ = {isa = PBXFileReference; lastKnownFileType = sourcecode.swift; path = MapsListView.swift; sourceTree = "<group>"; };
		B6B7B8332B3F517F00A73212 /* APIService.swift */ = {isa = PBXFileReference; lastKnownFileType = sourcecode.swift; path = APIService.swift; sourceTree = "<group>"; };
		B6B7B83D2B3F66BA00A73212 /* APIError.swift */ = {isa = PBXFileReference; lastKnownFileType = sourcecode.swift; path = APIError.swift; sourceTree = "<group>"; };
		B6B7B83F2B3F679600A73212 /* APIServiceProtocol.swift */ = {isa = PBXFileReference; lastKnownFileType = sourcecode.swift; path = APIServiceProtocol.swift; sourceTree = "<group>"; };
		B6B7B8412B3F683000A73212 /* MapsViewModel.swift */ = {isa = PBXFileReference; lastKnownFileType = sourcecode.swift; path = MapsViewModel.swift; sourceTree = "<group>"; };
		B6B7B8432B3F72EF00A73212 /* MapsListItemView.swift */ = {isa = PBXFileReference; lastKnownFileType = sourcecode.swift; path = MapsListItemView.swift; sourceTree = "<group>"; };
		B6B7B8452B3F758500A73212 /* DownloadButtonView.swift */ = {isa = PBXFileReference; lastKnownFileType = sourcecode.swift; path = DownloadButtonView.swift; sourceTree = "<group>"; };
		B6B7B8472B3F7A0600A73212 /* FullScreenMapView.swift */ = {isa = PBXFileReference; lastKnownFileType = sourcecode.swift; path = FullScreenMapView.swift; sourceTree = "<group>"; };
		B6B7B8492B3F8EE400A73212 /* NetworkManager.swift */ = {isa = PBXFileReference; lastKnownFileType = sourcecode.swift; path = NetworkManager.swift; sourceTree = "<group>"; };
		B6B7B84E2B3F91A800A73212 /* MaineMaps.xcdatamodel */ = {isa = PBXFileReference; lastKnownFileType = wrapper.xcdatamodel; path = MaineMaps.xcdatamodel; sourceTree = "<group>"; };
		B6B7B8512B3F933F00A73212 /* PersistenceController.swift */ = {isa = PBXFileReference; lastKnownFileType = sourcecode.swift; path = PersistenceController.swift; sourceTree = "<group>"; };
		B6B7B8532B3F939500A73212 /* NSPredicate+helper.swift */ = {isa = PBXFileReference; lastKnownFileType = sourcecode.swift; path = "NSPredicate+helper.swift"; sourceTree = "<group>"; };
		B6B7B8552B3F93F400A73212 /* OfflineMap+helper.swift */ = {isa = PBXFileReference; lastKnownFileType = sourcecode.swift; path = "OfflineMap+helper.swift"; sourceTree = "<group>"; };
		B6B7B8582B3FA02D00A73212 /* OfflineFullScreenMapView.swift */ = {isa = PBXFileReference; lastKnownFileType = sourcecode.swift; path = OfflineFullScreenMapView.swift; sourceTree = "<group>"; };
		B6C28E722B76D64900B22C79 /* README.md */ = {isa = PBXFileReference; lastKnownFileType = net.daringfireball.markdown; path = README.md; sourceTree = "<group>"; };
		B6C28E822B76E6FA00B22C79 /* fullscreenMaine.png */ = {isa = PBXFileReference; lastKnownFileType = image.png; name = fullscreenMaine.png; path = ../../../Desktop/fullscreenMaine.png; sourceTree = "<group>"; };
		B6C28E832B76E6FA00B22C79 /* fullscreenBangor.png */ = {isa = PBXFileReference; lastKnownFileType = image.png; name = fullscreenBangor.png; path = ../../../Desktop/fullscreenBangor.png; sourceTree = "<group>"; };
		B6C28E842B76E6FA00B22C79 /* postdownload.png */ = {isa = PBXFileReference; lastKnownFileType = image.png; name = postdownload.png; path = ../../../Desktop/postdownload.png; sourceTree = "<group>"; };
		B6C28E852B76E6FA00B22C79 /* predownload.png */ = {isa = PBXFileReference; lastKnownFileType = image.png; name = predownload.png; path = ../../../Desktop/predownload.png; sourceTree = "<group>"; };
/* End PBXFileReference section */

/* Begin PBXFrameworksBuildPhase section */
		B6B7B8062B3DFE6B00A73212 /* Frameworks */ = {
			isa = PBXFrameworksBuildPhase;
			buildActionMask = 2147483647;
			files = (
				B6B7B81F2B3DFF1F00A73212 /* ArcGISToolkit in Frameworks */,
				B6B7B81C2B3DFEF500A73212 /* ArcGIS in Frameworks */,
			);
			runOnlyForDeploymentPostprocessing = 0;
		};
/* End PBXFrameworksBuildPhase section */

/* Begin PBXGroup section */
		B659B52D2B4209A8006885DE /* ViewModel */ = {
			isa = PBXGroup;
			children = (
				B6B7B8412B3F683000A73212 /* MapsViewModel.swift */,
			);
			path = ViewModel;
			sourceTree = "<group>";
		};
		B6B7B8002B3DFE6B00A73212 = {
			isa = PBXGroup;
			children = (
				B6C28E732B76DD9700B22C79 /* Screenshots */,
				B6C28E722B76D64900B22C79 /* README.md */,
				B6B7B80B2B3DFE6B00A73212 /* MaineMaps */,
				B6B7B80A2B3DFE6B00A73212 /* Products */,
			);
			sourceTree = "<group>";
		};
		B6B7B80A2B3DFE6B00A73212 /* Products */ = {
			isa = PBXGroup;
			children = (
				B6B7B8092B3DFE6B00A73212 /* MaineMaps.app */,
			);
			name = Products;
			sourceTree = "<group>";
		};
		B6B7B80B2B3DFE6B00A73212 /* MaineMaps */ = {
			isa = PBXGroup;
			children = (
				B659B52D2B4209A8006885DE /* ViewModel */,
				B6B7B8502B3F92E100A73212 /* CoreData */,
				B6B7B83C2B3F669600A73212 /* Networking */,
				B6B7B82D2B3E143300A73212 /* Views */,
				B6B7B8282B3E00A400A73212 /* Styles */,
				B6B7B8232B3DFFEF00A73212 /* Models */,
				B6B7B80C2B3DFE6B00A73212 /* MaineMapsApp.swift */,
				B6B7B8102B3DFE6C00A73212 /* Assets.xcassets */,
				B6B7B84D2B3F91A700A73212 /* MaineMaps.xcdatamodeld */,
				B6B7B8122B3DFE6C00A73212 /* Preview Content */,
			);
			path = MaineMaps;
			sourceTree = "<group>";
		};
		B6B7B8122B3DFE6C00A73212 /* Preview Content */ = {
			isa = PBXGroup;
			children = (
				B6B7B8132B3DFE6C00A73212 /* Preview Assets.xcassets */,
			);
			path = "Preview Content";
			sourceTree = "<group>";
		};
		B6B7B8232B3DFFEF00A73212 /* Models */ = {
			isa = PBXGroup;
			children = (
				B6B7B8242B3E000C00A73212 /* MapItem.swift */,
				B6B7B8262B3E003500A73212 /* ButtonStatus.swift */,
			);
			path = Models;
			sourceTree = "<group>";
		};
		B6B7B8282B3E00A400A73212 /* Styles */ = {
			isa = PBXGroup;
			children = (
				B6B7B8292B3E00B000A73212 /* Style.swift */,
			);
			path = Styles;
			sourceTree = "<group>";
		};
		B6B7B82D2B3E143300A73212 /* Views */ = {
			isa = PBXGroup;
			children = (
				B6B7B82E2B3E144400A73212 /* MapsListView.swift */,
				B6B7B8432B3F72EF00A73212 /* MapsListItemView.swift */,
				B6B7B8452B3F758500A73212 /* DownloadButtonView.swift */,
				B6B7B8472B3F7A0600A73212 /* FullScreenMapView.swift */,
				B6B7B8582B3FA02D00A73212 /* OfflineFullScreenMapView.swift */,
				B659B5272B3FC26E006885DE /* OfflineMapListItemView.swift */,
				B659B52B2B41EEB2006885DE /* View+isVisible.swift */,
			);
			path = Views;
			sourceTree = "<group>";
		};
		B6B7B83C2B3F669600A73212 /* Networking */ = {
			isa = PBXGroup;
			children = (
				B6B7B8332B3F517F00A73212 /* APIService.swift */,
				B6B7B83D2B3F66BA00A73212 /* APIError.swift */,
				B6B7B83F2B3F679600A73212 /* APIServiceProtocol.swift */,
				B6B7B8492B3F8EE400A73212 /* NetworkManager.swift */,
				B659B5292B40B4A1006885DE /* MockAPIService.swift */,
			);
			path = Networking;
			sourceTree = "<group>";
		};
		B6B7B8502B3F92E100A73212 /* CoreData */ = {
			isa = PBXGroup;
			children = (
				B6B7B8512B3F933F00A73212 /* PersistenceController.swift */,
				B6B7B8532B3F939500A73212 /* NSPredicate+helper.swift */,
				B6B7B8552B3F93F400A73212 /* OfflineMap+helper.swift */,
			);
			path = CoreData;
			sourceTree = "<group>";
		};
		B6C28E732B76DD9700B22C79 /* Screenshots */ = {
			isa = PBXGroup;
			children = (
				B6C28E832B76E6FA00B22C79 /* fullscreenBangor.png */,
				B6C28E822B76E6FA00B22C79 /* fullscreenMaine.png */,
				B6C28E842B76E6FA00B22C79 /* postdownload.png */,
				B6C28E852B76E6FA00B22C79 /* predownload.png */,
			);
			path = Screenshots;
			sourceTree = "<group>";
		};
/* End PBXGroup section */

/* Begin PBXNativeTarget section */
		B6B7B8082B3DFE6B00A73212 /* MaineMaps */ = {
			isa = PBXNativeTarget;
			buildConfigurationList = B6B7B8172B3DFE6C00A73212 /* Build configuration list for PBXNativeTarget "MaineMaps" */;
			buildPhases = (
				B6B7B8052B3DFE6B00A73212 /* Sources */,
				B6B7B8062B3DFE6B00A73212 /* Frameworks */,
				B6B7B8072B3DFE6B00A73212 /* Resources */,
			);
			buildRules = (
			);
			dependencies = (
			);
			name = MaineMaps;
			packageProductDependencies = (
				B6B7B81B2B3DFEF500A73212 /* ArcGIS */,
				B6B7B81E2B3DFF1F00A73212 /* ArcGISToolkit */,
			);
			productName = MaineMaps;
			productReference = B6B7B8092B3DFE6B00A73212 /* MaineMaps.app */;
			productType = "com.apple.product-type.application";
		};
/* End PBXNativeTarget section */

/* Begin PBXProject section */
		B6B7B8012B3DFE6B00A73212 /* Project object */ = {
			isa = PBXProject;
			attributes = {
				BuildIndependentTargetsInParallel = 1;
				LastSwiftUpdateCheck = 1510;
				LastUpgradeCheck = 1510;
				TargetAttributes = {
					B6B7B8082B3DFE6B00A73212 = {
						CreatedOnToolsVersion = 15.1;
					};
				};
			};
			buildConfigurationList = B6B7B8042B3DFE6B00A73212 /* Build configuration list for PBXProject "MaineMaps" */;
			compatibilityVersion = "Xcode 14.0";
			developmentRegion = en;
			hasScannedForEncodings = 0;
			knownRegions = (
				en,
				Base,
			);
			mainGroup = B6B7B8002B3DFE6B00A73212;
			packageReferences = (
				B6B7B81A2B3DFEF500A73212 /* XCRemoteSwiftPackageReference "arcgis-maps-sdk-swift" */,
				B6B7B81D2B3DFF1F00A73212 /* XCRemoteSwiftPackageReference "arcgis-maps-sdk-swift-toolkit" */,
			);
			productRefGroup = B6B7B80A2B3DFE6B00A73212 /* Products */;
			projectDirPath = "";
			projectRoot = "";
			targets = (
				B6B7B8082B3DFE6B00A73212 /* MaineMaps */,
			);
		};
/* End PBXProject section */

/* Begin PBXResourcesBuildPhase section */
		B6B7B8072B3DFE6B00A73212 /* Resources */ = {
			isa = PBXResourcesBuildPhase;
			buildActionMask = 2147483647;
			files = (
				B6B7B8142B3DFE6C00A73212 /* Preview Assets.xcassets in Resources */,
				B6B7B8112B3DFE6C00A73212 /* Assets.xcassets in Resources */,
			);
			runOnlyForDeploymentPostprocessing = 0;
		};
/* End PBXResourcesBuildPhase section */

/* Begin PBXSourcesBuildPhase section */
		B6B7B8052B3DFE6B00A73212 /* Sources */ = {
			isa = PBXSourcesBuildPhase;
			buildActionMask = 2147483647;
			files = (
				B659B52C2B41EEB2006885DE /* View+isVisible.swift in Sources */,
				B6B7B8422B3F683000A73212 /* MapsViewModel.swift in Sources */,
				B6B7B8482B3F7A0600A73212 /* FullScreenMapView.swift in Sources */,
				B6B7B8342B3F517F00A73212 /* APIService.swift in Sources */,
				B6B7B8542B3F939500A73212 /* NSPredicate+helper.swift in Sources */,
				B6B7B84F2B3F91A800A73212 /* MaineMaps.xcdatamodeld in Sources */,
				B6B7B8562B3F93F400A73212 /* OfflineMap+helper.swift in Sources */,
				B6B7B82A2B3E00B000A73212 /* Style.swift in Sources */,
				B6B7B8442B3F72EF00A73212 /* MapsListItemView.swift in Sources */,
				B6B7B8272B3E003500A73212 /* ButtonStatus.swift in Sources */,
				B6B7B8522B3F933F00A73212 /* PersistenceController.swift in Sources */,
				B6B7B8462B3F758500A73212 /* DownloadButtonView.swift in Sources */,
				B6B7B82F2B3E144400A73212 /* MapsListView.swift in Sources */,
				B6B7B80D2B3DFE6B00A73212 /* MaineMapsApp.swift in Sources */,
				B6B7B8592B3FA02D00A73212 /* OfflineFullScreenMapView.swift in Sources */,
				B6B7B8252B3E000C00A73212 /* MapItem.swift in Sources */,
				B6B7B84A2B3F8EE400A73212 /* NetworkManager.swift in Sources */,
				B6B7B8402B3F679600A73212 /* APIServiceProtocol.swift in Sources */,
				B6B7B83E2B3F66BA00A73212 /* APIError.swift in Sources */,
				B659B52A2B40B4A1006885DE /* MockAPIService.swift in Sources */,
				B659B5282B3FC26E006885DE /* OfflineMapListItemView.swift in Sources */,
			);
			runOnlyForDeploymentPostprocessing = 0;
		};
/* End PBXSourcesBuildPhase section */

/* Begin XCBuildConfiguration section */
		B6B7B8152B3DFE6C00A73212 /* Debug */ = {
			isa = XCBuildConfiguration;
			buildSettings = {
				ALWAYS_SEARCH_USER_PATHS = NO;
				ASSETCATALOG_COMPILER_GENERATE_SWIFT_ASSET_SYMBOL_EXTENSIONS = YES;
				CLANG_ANALYZER_NONNULL = YES;
				CLANG_ANALYZER_NUMBER_OBJECT_CONVERSION = YES_AGGRESSIVE;
				CLANG_CXX_LANGUAGE_STANDARD = "gnu++20";
				CLANG_ENABLE_MODULES = YES;
				CLANG_ENABLE_OBJC_ARC = YES;
				CLANG_ENABLE_OBJC_WEAK = YES;
				CLANG_WARN_BLOCK_CAPTURE_AUTORELEASING = YES;
				CLANG_WARN_BOOL_CONVERSION = YES;
				CLANG_WARN_COMMA = YES;
				CLANG_WARN_CONSTANT_CONVERSION = YES;
				CLANG_WARN_DEPRECATED_OBJC_IMPLEMENTATIONS = YES;
				CLANG_WARN_DIRECT_OBJC_ISA_USAGE = YES_ERROR;
				CLANG_WARN_DOCUMENTATION_COMMENTS = YES;
				CLANG_WARN_EMPTY_BODY = YES;
				CLANG_WARN_ENUM_CONVERSION = YES;
				CLANG_WARN_INFINITE_RECURSION = YES;
				CLANG_WARN_INT_CONVERSION = YES;
				CLANG_WARN_NON_LITERAL_NULL_CONVERSION = YES;
				CLANG_WARN_OBJC_IMPLICIT_RETAIN_SELF = YES;
				CLANG_WARN_OBJC_LITERAL_CONVERSION = YES;
				CLANG_WARN_OBJC_ROOT_CLASS = YES_ERROR;
				CLANG_WARN_QUOTED_INCLUDE_IN_FRAMEWORK_HEADER = YES;
				CLANG_WARN_RANGE_LOOP_ANALYSIS = YES;
				CLANG_WARN_STRICT_PROTOTYPES = YES;
				CLANG_WARN_SUSPICIOUS_MOVE = YES;
				CLANG_WARN_UNGUARDED_AVAILABILITY = YES_AGGRESSIVE;
				CLANG_WARN_UNREACHABLE_CODE = YES;
				CLANG_WARN__DUPLICATE_METHOD_MATCH = YES;
				COPY_PHASE_STRIP = NO;
				DEBUG_INFORMATION_FORMAT = dwarf;
				ENABLE_STRICT_OBJC_MSGSEND = YES;
				ENABLE_TESTABILITY = YES;
				ENABLE_USER_SCRIPT_SANDBOXING = YES;
				GCC_C_LANGUAGE_STANDARD = gnu17;
				GCC_DYNAMIC_NO_PIC = NO;
				GCC_NO_COMMON_BLOCKS = YES;
				GCC_OPTIMIZATION_LEVEL = 0;
				GCC_PREPROCESSOR_DEFINITIONS = (
					"DEBUG=1",
					"$(inherited)",
				);
				GCC_WARN_64_TO_32_BIT_CONVERSION = YES;
				GCC_WARN_ABOUT_RETURN_TYPE = YES_ERROR;
				GCC_WARN_UNDECLARED_SELECTOR = YES;
				GCC_WARN_UNINITIALIZED_AUTOS = YES_AGGRESSIVE;
				GCC_WARN_UNUSED_FUNCTION = YES;
				GCC_WARN_UNUSED_VARIABLE = YES;
				IPHONEOS_DEPLOYMENT_TARGET = 17.2;
				LOCALIZATION_PREFERS_STRING_CATALOGS = YES;
				MTL_ENABLE_DEBUG_INFO = INCLUDE_SOURCE;
				MTL_FAST_MATH = YES;
				ONLY_ACTIVE_ARCH = YES;
				SDKROOT = iphoneos;
				SWIFT_ACTIVE_COMPILATION_CONDITIONS = "DEBUG $(inherited)";
				SWIFT_OPTIMIZATION_LEVEL = "-Onone";
			};
			name = Debug;
		};
		B6B7B8162B3DFE6C00A73212 /* Release */ = {
			isa = XCBuildConfiguration;
			buildSettings = {
				ALWAYS_SEARCH_USER_PATHS = NO;
				ASSETCATALOG_COMPILER_GENERATE_SWIFT_ASSET_SYMBOL_EXTENSIONS = YES;
				CLANG_ANALYZER_NONNULL = YES;
				CLANG_ANALYZER_NUMBER_OBJECT_CONVERSION = YES_AGGRESSIVE;
				CLANG_CXX_LANGUAGE_STANDARD = "gnu++20";
				CLANG_ENABLE_MODULES = YES;
				CLANG_ENABLE_OBJC_ARC = YES;
				CLANG_ENABLE_OBJC_WEAK = YES;
				CLANG_WARN_BLOCK_CAPTURE_AUTORELEASING = YES;
				CLANG_WARN_BOOL_CONVERSION = YES;
				CLANG_WARN_COMMA = YES;
				CLANG_WARN_CONSTANT_CONVERSION = YES;
				CLANG_WARN_DEPRECATED_OBJC_IMPLEMENTATIONS = YES;
				CLANG_WARN_DIRECT_OBJC_ISA_USAGE = YES_ERROR;
				CLANG_WARN_DOCUMENTATION_COMMENTS = YES;
				CLANG_WARN_EMPTY_BODY = YES;
				CLANG_WARN_ENUM_CONVERSION = YES;
				CLANG_WARN_INFINITE_RECURSION = YES;
				CLANG_WARN_INT_CONVERSION = YES;
				CLANG_WARN_NON_LITERAL_NULL_CONVERSION = YES;
				CLANG_WARN_OBJC_IMPLICIT_RETAIN_SELF = YES;
				CLANG_WARN_OBJC_LITERAL_CONVERSION = YES;
				CLANG_WARN_OBJC_ROOT_CLASS = YES_ERROR;
				CLANG_WARN_QUOTED_INCLUDE_IN_FRAMEWORK_HEADER = YES;
				CLANG_WARN_RANGE_LOOP_ANALYSIS = YES;
				CLANG_WARN_STRICT_PROTOTYPES = YES;
				CLANG_WARN_SUSPICIOUS_MOVE = YES;
				CLANG_WARN_UNGUARDED_AVAILABILITY = YES_AGGRESSIVE;
				CLANG_WARN_UNREACHABLE_CODE = YES;
				CLANG_WARN__DUPLICATE_METHOD_MATCH = YES;
				COPY_PHASE_STRIP = NO;
				DEBUG_INFORMATION_FORMAT = "dwarf-with-dsym";
				ENABLE_NS_ASSERTIONS = NO;
				ENABLE_STRICT_OBJC_MSGSEND = YES;
				ENABLE_USER_SCRIPT_SANDBOXING = YES;
				GCC_C_LANGUAGE_STANDARD = gnu17;
				GCC_NO_COMMON_BLOCKS = YES;
				GCC_WARN_64_TO_32_BIT_CONVERSION = YES;
				GCC_WARN_ABOUT_RETURN_TYPE = YES_ERROR;
				GCC_WARN_UNDECLARED_SELECTOR = YES;
				GCC_WARN_UNINITIALIZED_AUTOS = YES_AGGRESSIVE;
				GCC_WARN_UNUSED_FUNCTION = YES;
				GCC_WARN_UNUSED_VARIABLE = YES;
				IPHONEOS_DEPLOYMENT_TARGET = 17.2;
				LOCALIZATION_PREFERS_STRING_CATALOGS = YES;
				MTL_ENABLE_DEBUG_INFO = NO;
				MTL_FAST_MATH = YES;
				SDKROOT = iphoneos;
				SWIFT_COMPILATION_MODE = wholemodule;
				VALIDATE_PRODUCT = YES;
			};
			name = Release;
		};
		B6B7B8182B3DFE6C00A73212 /* Debug */ = {
			isa = XCBuildConfiguration;
			buildSettings = {
				ASSETCATALOG_COMPILER_APPICON_NAME = AppIcon;
				ASSETCATALOG_COMPILER_GLOBAL_ACCENT_COLOR_NAME = AccentColor;
				CODE_SIGN_IDENTITY = "Apple Development";
				CODE_SIGN_STYLE = Automatic;
				CURRENT_PROJECT_VERSION = 1;
				DEVELOPMENT_ASSET_PATHS = "\"MaineMaps/Preview Content\"";
				DEVELOPMENT_TEAM = 55TPH9J7R5;
				ENABLE_PREVIEWS = YES;
				GENERATE_INFOPLIST_FILE = YES;
				INFOPLIST_KEY_UIApplicationSceneManifest_Generation = YES;
				INFOPLIST_KEY_UIApplicationSupportsIndirectInputEvents = YES;
				INFOPLIST_KEY_UILaunchScreen_Generation = YES;
				INFOPLIST_KEY_UISupportedInterfaceOrientations_iPad = "UIInterfaceOrientationPortrait UIInterfaceOrientationPortraitUpsideDown UIInterfaceOrientationLandscapeLeft UIInterfaceOrientationLandscapeRight";
				INFOPLIST_KEY_UISupportedInterfaceOrientations_iPhone = "UIInterfaceOrientationPortrait UIInterfaceOrientationLandscapeLeft UIInterfaceOrientationLandscapeRight";
				LD_RUNPATH_SEARCH_PATHS = (
					"$(inherited)",
					"@executable_path/Frameworks",
				);
				MARKETING_VERSION = 1.0;
				PRODUCT_BUNDLE_IDENTIFIER = akearns.MaineMaps;
				PRODUCT_NAME = "$(TARGET_NAME)";
				PROVISIONING_PROFILE_SPECIFIER = "";
				SWIFT_EMIT_LOC_STRINGS = YES;
				SWIFT_VERSION = 5.0;
				TARGETED_DEVICE_FAMILY = "1,2";
			};
			name = Debug;
		};
		B6B7B8192B3DFE6C00A73212 /* Release */ = {
			isa = XCBuildConfiguration;
			buildSettings = {
				ASSETCATALOG_COMPILER_APPICON_NAME = AppIcon;
				ASSETCATALOG_COMPILER_GLOBAL_ACCENT_COLOR_NAME = AccentColor;
				CODE_SIGN_IDENTITY = "Apple Development";
				CODE_SIGN_STYLE = Automatic;
				CURRENT_PROJECT_VERSION = 1;
				DEVELOPMENT_ASSET_PATHS = "\"MaineMaps/Preview Content\"";
				DEVELOPMENT_TEAM = 55TPH9J7R5;
				ENABLE_PREVIEWS = YES;
				GENERATE_INFOPLIST_FILE = YES;
				INFOPLIST_KEY_UIApplicationSceneManifest_Generation = YES;
				INFOPLIST_KEY_UIApplicationSupportsIndirectInputEvents = YES;
				INFOPLIST_KEY_UILaunchScreen_Generation = YES;
				INFOPLIST_KEY_UISupportedInterfaceOrientations_iPad = "UIInterfaceOrientationPortrait UIInterfaceOrientationPortraitUpsideDown UIInterfaceOrientationLandscapeLeft UIInterfaceOrientationLandscapeRight";
				INFOPLIST_KEY_UISupportedInterfaceOrientations_iPhone = "UIInterfaceOrientationPortrait UIInterfaceOrientationLandscapeLeft UIInterfaceOrientationLandscapeRight";
				LD_RUNPATH_SEARCH_PATHS = (
					"$(inherited)",
					"@executable_path/Frameworks",
				);
				MARKETING_VERSION = 1.0;
				PRODUCT_BUNDLE_IDENTIFIER = akearns.MaineMaps;
				PRODUCT_NAME = "$(TARGET_NAME)";
				PROVISIONING_PROFILE_SPECIFIER = "";
				SWIFT_EMIT_LOC_STRINGS = YES;
				SWIFT_VERSION = 5.0;
				TARGETED_DEVICE_FAMILY = "1,2";
			};
			name = Release;
		};
/* End XCBuildConfiguration section */

/* Begin XCConfigurationList section */
		B6B7B8042B3DFE6B00A73212 /* Build configuration list for PBXProject "MaineMaps" */ = {
			isa = XCConfigurationList;
			buildConfigurations = (
				B6B7B8152B3DFE6C00A73212 /* Debug */,
				B6B7B8162B3DFE6C00A73212 /* Release */,
			);
			defaultConfigurationIsVisible = 0;
			defaultConfigurationName = Release;
		};
		B6B7B8172B3DFE6C00A73212 /* Build configuration list for PBXNativeTarget "MaineMaps" */ = {
			isa = XCConfigurationList;
			buildConfigurations = (
				B6B7B8182B3DFE6C00A73212 /* Debug */,
				B6B7B8192B3DFE6C00A73212 /* Release */,
			);
			defaultConfigurationIsVisible = 0;
			defaultConfigurationName = Release;
		};
/* End XCConfigurationList section */

/* Begin XCRemoteSwiftPackageReference section */
		B6B7B81A2B3DFEF500A73212 /* XCRemoteSwiftPackageReference "arcgis-maps-sdk-swift" */ = {
			isa = XCRemoteSwiftPackageReference;
			repositoryURL = "https://github.com/Esri/arcgis-maps-sdk-swift";
			requirement = {
				kind = upToNextMajorVersion;
				minimumVersion = 200.3.0;
			};
		};
		B6B7B81D2B3DFF1F00A73212 /* XCRemoteSwiftPackageReference "arcgis-maps-sdk-swift-toolkit" */ = {
			isa = XCRemoteSwiftPackageReference;
			repositoryURL = "https://github.com/Esri/arcgis-maps-sdk-swift-toolkit";
			requirement = {
				kind = upToNextMajorVersion;
				minimumVersion = 200.3.0;
			};
		};
/* End XCRemoteSwiftPackageReference section */

/* Begin XCSwiftPackageProductDependency section */
		B6B7B81B2B3DFEF500A73212 /* ArcGIS */ = {
			isa = XCSwiftPackageProductDependency;
			package = B6B7B81A2B3DFEF500A73212 /* XCRemoteSwiftPackageReference "arcgis-maps-sdk-swift" */;
			productName = ArcGIS;
		};
		B6B7B81E2B3DFF1F00A73212 /* ArcGISToolkit */ = {
			isa = XCSwiftPackageProductDependency;
			package = B6B7B81D2B3DFF1F00A73212 /* XCRemoteSwiftPackageReference "arcgis-maps-sdk-swift-toolkit" */;
			productName = ArcGISToolkit;
		};
/* End XCSwiftPackageProductDependency section */

/* Begin XCVersionGroup section */
		B6B7B84D2B3F91A700A73212 /* MaineMaps.xcdatamodeld */ = {
			isa = XCVersionGroup;
			children = (
				B6B7B84E2B3F91A800A73212 /* MaineMaps.xcdatamodel */,
			);
			currentVersion = B6B7B84E2B3F91A800A73212 /* MaineMaps.xcdatamodel */;
			path = MaineMaps.xcdatamodeld;
			sourceTree = "<group>";
			versionGroupType = wrapper.xcdatamodel;
		};
/* End XCVersionGroup section */
	};
	rootObject = B6B7B8012B3DFE6B00A73212 /* Project object */;
}
